
Microsoft Visual Studio Solution File, Format Version 12.00
# Visual Studio Version 17
VisualStudioVersion = 17.7.34003.232
MinimumVisualStudioVersion = 10.0.40219.1
Project("{8BC9CEB8-8B4A-11D0-8D11-00A0C91BC942}") = "1.1 c 실수형 데이터 선언 및 초기화 후 각각의 값을 출력하여 확인", "1.1 c 실수형 데이터 선언 및 초기화 후 각각의 값을 출력하여 확인\1.1 c 실수형 데이터 선언 및 초기화 후 각각의 값을 출력하여 확인.vcxproj", "{F2251219-3C9D-4B26-A001-0F587141BC49}"
EndProject
Project("{8BC9CEB8-8B4A-11D0-8D11-00A0C91BC942}") = "1.1 d int형 타입을 두개 선언, double 형 타입을 하나 선언해서 int = int + double 형식으로 저장 시 결과값이 어떻게 나오는지 코딩", "1.1 d int형 타입을 두개 선언, double 형 타입을 하나 선언해서 int = int + double 형식으로 저장 시 결과값이 어떻게 나오는지 코딩\1.1 d int형 타입을 두개 선언, double 형 타입을 하나 선언해서 int = int + double 형식으로 저장 시 결과값이 어떻게 나오는지 코딩.vcxproj", "{7494E832-8ADC-4C26-A88C-3F2261851A04}"
EndProject
Project("{8BC9CEB8-8B4A-11D0-8D11-00A0C91BC942}") = "1.1 e bool 타입 선언 후 true, false 입력 및 출력", "1.1 e bool 타입 선언 후 true, false 입력 및 출력\1.1 e bool 타입 선언 후 true, false 입력 및 출력.vcxproj", "{58DF9621-4DEE-4CBC-ABC8-0108558B9D36}"
EndProject
Project("{8BC9CEB8-8B4A-11D0-8D11-00A0C91BC942}") = "1.1 f type casting 의 이해, 각 변수별 타입선언 후 캐스팅 시 어떻게 변하는지 확인", "1.1 f type casting 의 이해, 각 변수별 타입선언 후 캐스팅 시 어떻게 변하는지 확인\1.1 f type casting 의 이해, 각 변수별 타입선언 후 캐스팅 시 어떻게 변하는지 확인.vcxproj", "{05072C4E-287F-4690-AF2A-740C082EDB7C}"
EndProject
Project("{8BC9CEB8-8B4A-11D0-8D11-00A0C91BC942}") = "2.1 a printf 와 scanf 의 목적을 이해하고 각각의 sample code를 적용", "2.1 a printf 와 scanf 의 목적을 이해하고 각각의 sample code를 적용\2.1 a printf 와 scanf 의 목적을 이해하고 각각의 sample code를 적용.vcxproj", "{A21273A3-035A-4B1F-9D90-CB8E807BF3EF}"
EndProject
Project("{8BC9CEB8-8B4A-11D0-8D11-00A0C91BC942}") = "2.1 b 문자열을 저장 하고, 출력하는 sample code 작성", "2.1 b 문자열을 저장 하고, 출력하는 sample code 작성\2.1 b 문자열을 저장 하고, 출력하는 sample code 작성.vcxproj", "{2A88E418-E13B-4E0E-8ED5-DF719A5A200A}"
EndProject
Project("{8BC9CEB8-8B4A-11D0-8D11-00A0C91BC942}") = "3.1 a 배열을 선언하고, 각각의 값을 출력", "3.1 a 배열을 선언하고, 각각의 값을 출력\3.1 a 배열을 선언하고, 각각의 값을 출력.vcxproj", "{0CA800A4-499E-4D84-BE7B-50400FC79BA1}"
EndProject
Project("{8BC9CEB8-8B4A-11D0-8D11-00A0C91BC942}") = "3.1 b 구조체를 선언하여 학생 객체를 만들고, 10명의 학생 데이터를 선언하여 각각 값을 저장 및 출력", "3.1 b 구조체를 선언하여 학생 객체를 만들고, 10명의 학생 데이터를 선언하여 각각 값을 저장 및 출력\3.1 b 구조체를 선언하여 학생 객체를 만들고, 10명의 학생 데이터를 선언하여 각각 값을 저장 및 출력.vcxproj", "{5DB45C68-0112-4BAB-BC23-AB401FECA76B}"
EndProject
Project("{8BC9CEB8-8B4A-11D0-8D11-00A0C91BC942}") = "3.1 c 포인터를 선언 후 주소값을 이용하여 값을 출력", "3.1 c 포인터를 선언 후 주소값을 이용하여 값을 출력\3.1 c 포인터를 선언 후 주소값을 이용하여 값을 출력.vcxproj", "{702F8F8F-1015-425A-B38A-784B49396139}"
EndProject
Project("{8BC9CEB8-8B4A-11D0-8D11-00A0C91BC942}") = "4-1 조건문", "4 제어문의 이해\4 제어문의 이해.vcxproj", "{C27FA6C5-DEC5-4C1D-BEAE-FB3C0488D14C}"
EndProject
Project("{8BC9CEB8-8B4A-11D0-8D11-00A0C91BC942}") = "4-3 while 반복문", "4-3 while 반복문\4-3 while 반복문.vcxproj", "{3DC2286E-3332-435D-93DD-7B95D1CD2E18}"
EndProject
Project("{8BC9CEB8-8B4A-11D0-8D11-00A0C91BC942}") = "4-4 switch문", "4-4 switch문\4-4 switch문.vcxproj", "{7D65D530-2547-4F3C-954D-D8B9B7296D99}"
EndProject
Project("{8BC9CEB8-8B4A-11D0-8D11-00A0C91BC942}") = "4-5 그 외의 제어문", "..\4주차 쿼리큘럼\4-5\4-5.vcxproj", "{EC57C2D5-AA6C-4681-87CF-A64CE15506BB}"
EndProject
Project("{8BC9CEB8-8B4A-11D0-8D11-00A0C91BC942}") = "1.1 b 다양한 변수를 선언 후 sizeof를 이용하여 각각의 메모리 크기를 직접 출력", "1.1 b 다양한 변수를 선언 후 sizeof를 이용하여 각각의 메모리 크기를 직접 출력\1.1 b 다양한 변수를 선언 후 sizeof를 이용하여 각각의 메모리 크기를 직접 출력.vcxproj", "{95278FBA-3D9B-4922-BCC5-12562E1F5D1B}"
EndProject
Project("{8BC9CEB8-8B4A-11D0-8D11-00A0C91BC942}") = "4-2 for 반복문", "4-2 for 반복문\4-2 for 반복문.vcxproj", "{76AAABFF-1637-4CF9-BD50-B1BCBF15D7D5}"
EndProject
Global
	GlobalSection(SolutionConfigurationPlatforms) = preSolution
		Debug|x64 = Debug|x64
		Debug|x86 = Debug|x86
		Release|x64 = Release|x64
		Release|x86 = Release|x86
	EndGlobalSection
	GlobalSection(ProjectConfigurationPlatforms) = postSolution
		{F2251219-3C9D-4B26-A001-0F587141BC49}.Debug|x64.ActiveCfg = Debug|x64
		{F2251219-3C9D-4B26-A001-0F587141BC49}.Debug|x64.Build.0 = Debug|x64
		{F2251219-3C9D-4B26-A001-0F587141BC49}.Debug|x86.ActiveCfg = Debug|Win32
		{F2251219-3C9D-4B26-A001-0F587141BC49}.Debug|x86.Build.0 = Debug|Win32
		{F2251219-3C9D-4B26-A001-0F587141BC49}.Release|x64.ActiveCfg = Release|x64
		{F2251219-3C9D-4B26-A001-0F587141BC49}.Release|x64.Build.0 = Release|x64
		{F2251219-3C9D-4B26-A001-0F587141BC49}.Release|x86.ActiveCfg = Release|Win32
		{F2251219-3C9D-4B26-A001-0F587141BC49}.Release|x86.Build.0 = Release|Win32
		{7494E832-8ADC-4C26-A88C-3F2261851A04}.Debug|x64.ActiveCfg = Debug|x64
		{7494E832-8ADC-4C26-A88C-3F2261851A04}.Debug|x64.Build.0 = Debug|x64
		{7494E832-8ADC-4C26-A88C-3F2261851A04}.Debug|x86.ActiveCfg = Debug|Win32
		{7494E832-8ADC-4C26-A88C-3F2261851A04}.Debug|x86.Build.0 = Debug|Win32
		{7494E832-8ADC-4C26-A88C-3F2261851A04}.Release|x64.ActiveCfg = Release|x64
		{7494E832-8ADC-4C26-A88C-3F2261851A04}.Release|x64.Build.0 = Release|x64
		{7494E832-8ADC-4C26-A88C-3F2261851A04}.Release|x86.ActiveCfg = Release|Win32
		{7494E832-8ADC-4C26-A88C-3F2261851A04}.Release|x86.Build.0 = Release|Win32
		{58DF9621-4DEE-4CBC-ABC8-0108558B9D36}.Debug|x64.ActiveCfg = Debug|x64
		{58DF9621-4DEE-4CBC-ABC8-0108558B9D36}.Debug|x64.Build.0 = Debug|x64
		{58DF9621-4DEE-4CBC-ABC8-0108558B9D36}.Debug|x86.ActiveCfg = Debug|Win32
		{58DF9621-4DEE-4CBC-ABC8-0108558B9D36}.Debug|x86.Build.0 = Debug|Win32
		{58DF9621-4DEE-4CBC-ABC8-0108558B9D36}.Release|x64.ActiveCfg = Release|x64
		{58DF9621-4DEE-4CBC-ABC8-0108558B9D36}.Release|x64.Build.0 = Release|x64
		{58DF9621-4DEE-4CBC-ABC8-0108558B9D36}.Release|x86.ActiveCfg = Release|Win32
		{58DF9621-4DEE-4CBC-ABC8-0108558B9D36}.Release|x86.Build.0 = Release|Win32
		{05072C4E-287F-4690-AF2A-740C082EDB7C}.Debug|x64.ActiveCfg = Debug|x64
		{05072C4E-287F-4690-AF2A-740C082EDB7C}.Debug|x64.Build.0 = Debug|x64
		{05072C4E-287F-4690-AF2A-740C082EDB7C}.Debug|x86.ActiveCfg = Debug|Win32
		{05072C4E-287F-4690-AF2A-740C082EDB7C}.Debug|x86.Build.0 = Debug|Win32
		{05072C4E-287F-4690-AF2A-740C082EDB7C}.Release|x64.ActiveCfg = Release|x64
		{05072C4E-287F-4690-AF2A-740C082EDB7C}.Release|x64.Build.0 = Release|x64
		{05072C4E-287F-4690-AF2A-740C082EDB7C}.Release|x86.ActiveCfg = Release|Win32
		{05072C4E-287F-4690-AF2A-740C082EDB7C}.Release|x86.Build.0 = Release|Win32
		{A21273A3-035A-4B1F-9D90-CB8E807BF3EF}.Debug|x64.ActiveCfg = Debug|x64
		{A21273A3-035A-4B1F-9D90-CB8E807BF3EF}.Debug|x64.Build.0 = Debug|x64
		{A21273A3-035A-4B1F-9D90-CB8E807BF3EF}.Debug|x86.ActiveCfg = Debug|Win32
		{A21273A3-035A-4B1F-9D90-CB8E807BF3EF}.Debug|x86.Build.0 = Debug|Win32
		{A21273A3-035A-4B1F-9D90-CB8E807BF3EF}.Release|x64.ActiveCfg = Release|x64
		{A21273A3-035A-4B1F-9D90-CB8E807BF3EF}.Release|x64.Build.0 = Release|x64
		{A21273A3-035A-4B1F-9D90-CB8E807BF3EF}.Release|x86.ActiveCfg = Release|Win32
		{A21273A3-035A-4B1F-9D90-CB8E807BF3EF}.Release|x86.Build.0 = Release|Win32
		{2A88E418-E13B-4E0E-8ED5-DF719A5A200A}.Debug|x64.ActiveCfg = Debug|x64
		{2A88E418-E13B-4E0E-8ED5-DF719A5A200A}.Debug|x64.Build.0 = Debug|x64
		{2A88E418-E13B-4E0E-8ED5-DF719A5A200A}.Debug|x86.ActiveCfg = Debug|Win32
		{2A88E418-E13B-4E0E-8ED5-DF719A5A200A}.Debug|x86.Build.0 = Debug|Win32
		{2A88E418-E13B-4E0E-8ED5-DF719A5A200A}.Release|x64.ActiveCfg = Release|x64
		{2A88E418-E13B-4E0E-8ED5-DF719A5A200A}.Release|x64.Build.0 = Release|x64
		{2A88E418-E13B-4E0E-8ED5-DF719A5A200A}.Release|x86.ActiveCfg = Release|Win32
		{2A88E418-E13B-4E0E-8ED5-DF719A5A200A}.Release|x86.Build.0 = Release|Win32
		{0CA800A4-499E-4D84-BE7B-50400FC79BA1}.Debug|x64.ActiveCfg = Debug|x64
		{0CA800A4-499E-4D84-BE7B-50400FC79BA1}.Debug|x64.Build.0 = Debug|x64
		{0CA800A4-499E-4D84-BE7B-50400FC79BA1}.Debug|x86.ActiveCfg = Debug|Win32
		{0CA800A4-499E-4D84-BE7B-50400FC79BA1}.Debug|x86.Build.0 = Debug|Win32
		{0CA800A4-499E-4D84-BE7B-50400FC79BA1}.Release|x64.ActiveCfg = Release|x64
		{0CA800A4-499E-4D84-BE7B-50400FC79BA1}.Release|x64.Build.0 = Release|x64
		{0CA800A4-499E-4D84-BE7B-50400FC79BA1}.Release|x86.ActiveCfg = Release|Win32
		{0CA800A4-499E-4D84-BE7B-50400FC79BA1}.Release|x86.Build.0 = Release|Win32
		{5DB45C68-0112-4BAB-BC23-AB401FECA76B}.Debug|x64.ActiveCfg = Debug|x64
		{5DB45C68-0112-4BAB-BC23-AB401FECA76B}.Debug|x64.Build.0 = Debug|x64
		{5DB45C68-0112-4BAB-BC23-AB401FECA76B}.Debug|x86.ActiveCfg = Debug|Win32
		{5DB45C68-0112-4BAB-BC23-AB401FECA76B}.Debug|x86.Build.0 = Debug|Win32
		{5DB45C68-0112-4BAB-BC23-AB401FECA76B}.Release|x64.ActiveCfg = Release|x64
		{5DB45C68-0112-4BAB-BC23-AB401FECA76B}.Release|x64.Build.0 = Release|x64
		{5DB45C68-0112-4BAB-BC23-AB401FECA76B}.Release|x86.ActiveCfg = Release|Win32
		{5DB45C68-0112-4BAB-BC23-AB401FECA76B}.Release|x86.Build.0 = Release|Win32
		{702F8F8F-1015-425A-B38A-784B49396139}.Debug|x64.ActiveCfg = Debug|x64
		{702F8F8F-1015-425A-B38A-784B49396139}.Debug|x64.Build.0 = Debug|x64
		{702F8F8F-1015-425A-B38A-784B49396139}.Debug|x86.ActiveCfg = Debug|Win32
		{702F8F8F-1015-425A-B38A-784B49396139}.Debug|x86.Build.0 = Debug|Win32
		{702F8F8F-1015-425A-B38A-784B49396139}.Release|x64.ActiveCfg = Release|x64
		{702F8F8F-1015-425A-B38A-784B49396139}.Release|x64.Build.0 = Release|x64
		{702F8F8F-1015-425A-B38A-784B49396139}.Release|x86.ActiveCfg = Release|Win32
		{702F8F8F-1015-425A-B38A-784B49396139}.Release|x86.Build.0 = Release|Win32
		{C27FA6C5-DEC5-4C1D-BEAE-FB3C0488D14C}.Debug|x64.ActiveCfg = Debug|x64
		{C27FA6C5-DEC5-4C1D-BEAE-FB3C0488D14C}.Debug|x64.Build.0 = Debug|x64
		{C27FA6C5-DEC5-4C1D-BEAE-FB3C0488D14C}.Debug|x86.ActiveCfg = Debug|Win32
		{C27FA6C5-DEC5-4C1D-BEAE-FB3C0488D14C}.Debug|x86.Build.0 = Debug|Win32
		{C27FA6C5-DEC5-4C1D-BEAE-FB3C0488D14C}.Release|x64.ActiveCfg = Release|x64
		{C27FA6C5-DEC5-4C1D-BEAE-FB3C0488D14C}.Release|x64.Build.0 = Release|x64
		{C27FA6C5-DEC5-4C1D-BEAE-FB3C0488D14C}.Release|x86.ActiveCfg = Release|Win32
		{C27FA6C5-DEC5-4C1D-BEAE-FB3C0488D14C}.Release|x86.Build.0 = Release|Win32
		{3DC2286E-3332-435D-93DD-7B95D1CD2E18}.Debug|x64.ActiveCfg = Debug|x64
		{3DC2286E-3332-435D-93DD-7B95D1CD2E18}.Debug|x64.Build.0 = Debug|x64
		{3DC2286E-3332-435D-93DD-7B95D1CD2E18}.Debug|x86.ActiveCfg = Debug|Win32
		{3DC2286E-3332-435D-93DD-7B95D1CD2E18}.Debug|x86.Build.0 = Debug|Win32
		{3DC2286E-3332-435D-93DD-7B95D1CD2E18}.Release|x64.ActiveCfg = Release|x64
		{3DC2286E-3332-435D-93DD-7B95D1CD2E18}.Release|x64.Build.0 = Release|x64
		{3DC2286E-3332-435D-93DD-7B95D1CD2E18}.Release|x86.ActiveCfg = Release|Win32
		{3DC2286E-3332-435D-93DD-7B95D1CD2E18}.Release|x86.Build.0 = Release|Win32
		{7D65D530-2547-4F3C-954D-D8B9B7296D99}.Debug|x64.ActiveCfg = Debug|x64
		{7D65D530-2547-4F3C-954D-D8B9B7296D99}.Debug|x64.Build.0 = Debug|x64
		{7D65D530-2547-4F3C-954D-D8B9B7296D99}.Debug|x86.ActiveCfg = Debug|Win32
		{7D65D530-2547-4F3C-954D-D8B9B7296D99}.Debug|x86.Build.0 = Debug|Win32
		{7D65D530-2547-4F3C-954D-D8B9B7296D99}.Release|x64.ActiveCfg = Release|x64
		{7D65D530-2547-4F3C-954D-D8B9B7296D99}.Release|x64.Build.0 = Release|x64
		{7D65D530-2547-4F3C-954D-D8B9B7296D99}.Release|x86.ActiveCfg = Release|Win32
		{7D65D530-2547-4F3C-954D-D8B9B7296D99}.Release|x86.Build.0 = Release|Win32
		{EC57C2D5-AA6C-4681-87CF-A64CE15506BB}.Debug|x64.ActiveCfg = Debug|x64
		{EC57C2D5-AA6C-4681-87CF-A64CE15506BB}.Debug|x64.Build.0 = Debug|x64
		{EC57C2D5-AA6C-4681-87CF-A64CE15506BB}.Debug|x86.ActiveCfg = Debug|Win32
		{EC57C2D5-AA6C-4681-87CF-A64CE15506BB}.Debug|x86.Build.0 = Debug|Win32
		{EC57C2D5-AA6C-4681-87CF-A64CE15506BB}.Release|x64.ActiveCfg = Release|x64
		{EC57C2D5-AA6C-4681-87CF-A64CE15506BB}.Release|x64.Build.0 = Release|x64
		{EC57C2D5-AA6C-4681-87CF-A64CE15506BB}.Release|x86.ActiveCfg = Release|Win32
		{EC57C2D5-AA6C-4681-87CF-A64CE15506BB}.Release|x86.Build.0 = Release|Win32
		{95278FBA-3D9B-4922-BCC5-12562E1F5D1B}.Debug|x64.ActiveCfg = Debug|x64
		{95278FBA-3D9B-4922-BCC5-12562E1F5D1B}.Debug|x64.Build.0 = Debug|x64
		{95278FBA-3D9B-4922-BCC5-12562E1F5D1B}.Debug|x86.ActiveCfg = Debug|Win32
		{95278FBA-3D9B-4922-BCC5-12562E1F5D1B}.Debug|x86.Build.0 = Debug|Win32
		{95278FBA-3D9B-4922-BCC5-12562E1F5D1B}.Release|x64.ActiveCfg = Release|x64
		{95278FBA-3D9B-4922-BCC5-12562E1F5D1B}.Release|x64.Build.0 = Release|x64
		{95278FBA-3D9B-4922-BCC5-12562E1F5D1B}.Release|x86.ActiveCfg = Release|Win32
		{95278FBA-3D9B-4922-BCC5-12562E1F5D1B}.Release|x86.Build.0 = Release|Win32
		{76AAABFF-1637-4CF9-BD50-B1BCBF15D7D5}.Debug|x64.ActiveCfg = Debug|x64
		{76AAABFF-1637-4CF9-BD50-B1BCBF15D7D5}.Debug|x64.Build.0 = Debug|x64
		{76AAABFF-1637-4CF9-BD50-B1BCBF15D7D5}.Debug|x86.ActiveCfg = Debug|Win32
		{76AAABFF-1637-4CF9-BD50-B1BCBF15D7D5}.Debug|x86.Build.0 = Debug|Win32
		{76AAABFF-1637-4CF9-BD50-B1BCBF15D7D5}.Release|x64.ActiveCfg = Release|x64
		{76AAABFF-1637-4CF9-BD50-B1BCBF15D7D5}.Release|x64.Build.0 = Release|x64
		{76AAABFF-1637-4CF9-BD50-B1BCBF15D7D5}.Release|x86.ActiveCfg = Release|Win32
		{76AAABFF-1637-4CF9-BD50-B1BCBF15D7D5}.Release|x86.Build.0 = Release|Win32
	EndGlobalSection
	GlobalSection(SolutionProperties) = preSolution
		HideSolutionNode = FALSE
	EndGlobalSection
	GlobalSection(ExtensibilityGlobals) = postSolution
		SolutionGuid = {69F6C448-648E-4C01-BD3A-846230EC62C3}
	EndGlobalSection
EndGlobal
